<?xml version="1.0" encoding="utf-8"?>
<Project ToolsVersion="4.0" xmlns="http://schemas.microsoft.com/developer/msbuild/2003">
  <ItemGroup>
    <ClCompile Include="Source\jenova.cpp" />
    <ClCompile Include="Source\tiny_profiler.cpp">
      <Filter>Core\Utilities</Filter>
    </ClCompile>
    <ClCompile Include="Source\jenovaSDK.cpp">
      <Filter>Core\SDK</Filter>
    </ClCompile>
    <ClCompile Include="Source\asset_monitor.cpp">
      <Filter>Core\Utilities</Filter>
    </ClCompile>
    <ClCompile Include="Source\package_manager.cpp">
      <Filter>Core\Utilities</Filter>
    </ClCompile>
    <ClCompile Include="Source\task_system.cpp">
      <Filter>Core\Utilities</Filter>
    </ClCompile>
    <ClCompile Include="Source\gdextension_exporter.cpp">
      <Filter>Core\Exporters</Filter>
    </ClCompile>
    <ClCompile Include="Source\script_compiler.cpp">
      <Filter>Core\Engines\C++</Filter>
    </ClCompile>
    <ClCompile Include="Source\script_instance.cpp">
      <Filter>Core\Engines\C++</Filter>
    </ClCompile>
    <ClCompile Include="Source\script_instance_base.cpp">
      <Filter>Core\Engines\C++</Filter>
    </ClCompile>
    <ClCompile Include="Source\script_interpreter.cpp">
      <Filter>Core\Engines\C++</Filter>
    </ClCompile>
    <ClCompile Include="Source\script_language.cpp">
      <Filter>Core\Engines\C++</Filter>
    </ClCompile>
    <ClCompile Include="Source\script_manager.cpp">
      <Filter>Core\Engines\C++</Filter>
    </ClCompile>
    <ClCompile Include="Source\script_object.cpp">
      <Filter>Core\Engines\C++</Filter>
    </ClCompile>
    <ClCompile Include="Source\script_resource.cpp">
      <Filter>Core\Engines\C++</Filter>
    </ClCompile>
    <ClCompile Include="Source\script_templates.cpp">
      <Filter>Core\Engines\C++</Filter>
    </ClCompile>
    <ClCompile Include="Source\clektron.cpp">
      <Filter>Core\Engines\Clektron</Filter>
    </ClCompile>
    <ClCompile Include="Source\script_profiler.cpp">
      <Filter>Core\Engines\C++</Filter>
    </ClCompile>
    <ClCompile Include="Source\console.cpp">
      <Filter>Core\Engines\Clektron</Filter>
    </ClCompile>
    <ClCompile Include="Source\blade.cpp">
      <Filter>Core\Engines\Blade</Filter>
    </ClCompile>
    <ClCompile Include="Source\blade_instance.cpp">
      <Filter>Core\Engines\Blade</Filter>
    </ClCompile>
  </ItemGroup>
  <ItemGroup>
    <Filter Include="Resources">
      <UniqueIdentifier>{93b07def-781b-47eb-837c-0d403d2567f9}</UniqueIdentifier>
    </Filter>
    <Filter Include="Misc">
      <UniqueIdentifier>{5a5b3670-1e7b-4168-9275-0726cfa49e0e}</UniqueIdentifier>
    </Filter>
    <Filter Include="Resources\Storage">
      <UniqueIdentifier>{2b4efd82-3d90-44ca-ab35-a9269625828f}</UniqueIdentifier>
    </Filter>
    <Filter Include="Core">
      <UniqueIdentifier>{b60540e3-4a20-4dc2-bb38-7e5d4cb2b657}</UniqueIdentifier>
    </Filter>
    <Filter Include="Core\Utilities">
      <UniqueIdentifier>{9978979a-25ce-44f5-ab70-bebce0c53e75}</UniqueIdentifier>
    </Filter>
    <Filter Include="Core\SDK">
      <UniqueIdentifier>{2076148d-274f-42d3-9c28-084fff7bb26d}</UniqueIdentifier>
    </Filter>
    <Filter Include="Core\Exporters">
      <UniqueIdentifier>{41aafcac-862e-4b66-8ce9-9fbc8aba7f0b}</UniqueIdentifier>
    </Filter>
    <Filter Include="Core\Engines">
      <UniqueIdentifier>{84fa0f04-3783-4208-be24-eaa1f69f68c3}</UniqueIdentifier>
    </Filter>
    <Filter Include="Core\Engines\C++">
      <UniqueIdentifier>{4ce67dbc-ae4b-49e7-94ee-b8c09b55edb3}</UniqueIdentifier>
    </Filter>
    <Filter Include="Core\Engines\Clektron">
      <UniqueIdentifier>{e8057c48-d73d-4eb7-9483-37a7cf8c82f8}</UniqueIdentifier>
    </Filter>
    <Filter Include="Core\Engines\Blade">
      <UniqueIdentifier>{d904830f-55de-4fe5-8774-176d4d9bd75e}</UniqueIdentifier>
    </Filter>
  </ItemGroup>
  <ItemGroup>
    <ClInclude Include="Source\tiny_profiler.h">
      <Filter>Core\Utilities</Filter>
    </ClInclude>
    <ClInclude Include="Source\Jenova.hpp" />
    <ClInclude Include="Source\JenovaSDK.h">
      <Filter>Core\SDK</Filter>
    </ClInclude>
    <ClInclude Include="Source\asset_monitor.h">
      <Filter>Core\Utilities</Filter>
    </ClInclude>
    <ClInclude Include="Source\package_manager.h">
      <Filter>Core\Utilities</Filter>
    </ClInclude>
    <ClInclude Include="Source\AboutImage.h">
      <Filter>Resources\Storage</Filter>
    </ClInclude>
    <ClInclude Include="Source\FontDatabase.h">
      <Filter>Resources\Storage</Filter>
    </ClInclude>
    <ClInclude Include="Source\CodeTemplates.h">
      <Filter>Resources\Storage</Filter>
    </ClInclude>
    <ClInclude Include="Source\Documentation.h">
      <Filter>Resources\Storage</Filter>
    </ClInclude>
    <ClInclude Include="Source\IconDatabase.h">
      <Filter>Resources\Storage</Filter>
    </ClInclude>
    <ClInclude Include="Source\VisualStudioTemplates.h">
      <Filter>Resources\Storage</Filter>
    </ClInclude>
    <ClInclude Include="Source\task_system.h">
      <Filter>Core\Utilities</Filter>
    </ClInclude>
    <ClInclude Include="Source\ExtensionHosts.h">
      <Filter>Resources\Storage</Filter>
    </ClInclude>
    <ClInclude Include="Source\gdextension_exporter.h">
      <Filter>Core\Exporters</Filter>
    </ClInclude>
    <ClInclude Include="Source\InternalModules.h">
      <Filter>Resources\Storage</Filter>
    </ClInclude>
    <ClInclude Include="Source\script_compiler.h">
      <Filter>Core\Engines\C++</Filter>
    </ClInclude>
    <ClInclude Include="Source\script_instance.h">
      <Filter>Core\Engines\C++</Filter>
    </ClInclude>
    <ClInclude Include="Source\script_instance_base.h">
      <Filter>Core\Engines\C++</Filter>
    </ClInclude>
    <ClInclude Include="Source\script_interpreter.h">
      <Filter>Core\Engines\C++</Filter>
    </ClInclude>
    <ClInclude Include="Source\script_language.h">
      <Filter>Core\Engines\C++</Filter>
    </ClInclude>
    <ClInclude Include="Source\script_manager.h">
      <Filter>Core\Engines\C++</Filter>
    </ClInclude>
    <ClInclude Include="Source\script_object.h">
      <Filter>Core\Engines\C++</Filter>
    </ClInclude>
    <ClInclude Include="Source\script_resource.h">
      <Filter>Core\Engines\C++</Filter>
    </ClInclude>
    <ClInclude Include="Source\script_templates.h">
      <Filter>Core\Engines\C++</Filter>
    </ClInclude>
    <ClInclude Include="Source\clektron.h">
      <Filter>Core\Engines\Clektron</Filter>
    </ClInclude>
    <ClInclude Include="Source\InternalSources.h">
      <Filter>Resources\Storage</Filter>
    </ClInclude>
    <ClInclude Include="Source\script_profiler.h">
      <Filter>Core\Engines\C++</Filter>
    </ClInclude>
    <ClInclude Include="Source\console.h">
      <Filter>Core\Engines\Clektron</Filter>
    </ClInclude>
    <ClInclude Include="Source\blade.h">
      <Filter>Core\Engines\Blade</Filter>
    </ClInclude>
    <ClInclude Include="Source\blade_instance.h">
      <Filter>Core\Engines\Blade</Filter>
    </ClInclude>
  </ItemGroup>
  <ItemGroup>
    <ResourceCompile Include="Jenova.Runtime.rc">
      <Filter>Resources</Filter>
    </ResourceCompile>
  </ItemGroup>
  <ItemGroup>
    <None Include="Jenova.Runtime.gdextension">
      <Filter>Misc</Filter>
    </None>
  </ItemGroup>
</Project>